
Microsoft Visual Studio Solution File, Format Version 12.00
# Visual Studio Version 16
VisualStudioVersion = 16.0.33927.289
MinimumVisualStudioVersion = 10.0.40219.1
Project("{2150E333-8FDC-42A3-9474-1A3956D46DE8}") = "Task0", "Task0", "{77B28F0E-719C-4EFF-916E-F00BD1EA4BE4}"
EndProject
Project("{FAE04EC0-301F-11D3-BF4B-00C04F79EFBC}") = "Tyuiu.RagimovaMA.Sprint4.Task0.V1", "Tyuiu.RagimovaMA.Sprint4.Task0.V1\Tyuiu.RagimovaMA.Sprint4.Task0.V1.csproj", "{41F8957D-2134-46EC-ACB9-B020A4BF2FFC}"
EndProject
Project("{FAE04EC0-301F-11D3-BF4B-00C04F79EFBC}") = "Tyuiu.RagimovaMA.Sprint4.Task0.V1.Lib", "Tyuiu.RagimovaMA.Sprint4.Task0.V1.Lib\Tyuiu.RagimovaMA.Sprint4.Task0.V1.Lib.csproj", "{2A1C6148-7622-4383-9262-C920193F5365}"
EndProject
Project("{FAE04EC0-301F-11D3-BF4B-00C04F79EFBC}") = "Tyuiu.RagimovaMA.Sprint4.Task0.V1.Test", "Tyuiu.RagimovaMA.Sprint4.Task0.V1.Test\Tyuiu.RagimovaMA.Sprint4.Task0.V1.Test.csproj", "{E91F3DB3-6341-4582-ABAC-8EE3C7211D13}"
EndProject
Project("{2150E333-8FDC-42A3-9474-1A3956D46DE8}") = "Task1", "Task1", "{B12682FA-1AFC-4B2C-8EA2-690DC8913D68}"
EndProject
Project("{FAE04EC0-301F-11D3-BF4B-00C04F79EFBC}") = "Tyuiu.RagimovaMA.Sprint4.Task1.V10", "Tyuiu.RagimovaMA.Sprint4.Task1.V10\Tyuiu.RagimovaMA.Sprint4.Task1.V10.csproj", "{72DBACC2-7DE0-4798-9C81-40A685289A5D}"
EndProject
Project("{FAE04EC0-301F-11D3-BF4B-00C04F79EFBC}") = "Tyuiu.RagimovaMA.Sprint4.Task1.V10.Lib", "Tyuiu.RagimovaMA.Sprint4.Task1.V10.Lib\Tyuiu.RagimovaMA.Sprint4.Task1.V10.Lib.csproj", "{63A66012-0602-4B40-811C-3C81A1FD6C4C}"
EndProject
Project("{FAE04EC0-301F-11D3-BF4B-00C04F79EFBC}") = "Tyuiu.RagimovaMA.Sprint4.Task1.V10.Test", "Tyuiu.RagimovaMA.Sprint4.Task1.V10.Test\Tyuiu.RagimovaMA.Sprint4.Task1.V10.Test.csproj", "{3D5A0ECF-1635-4A82-8730-0CCB8421F884}"
EndProject
Global
	GlobalSection(SolutionConfigurationPlatforms) = preSolution
		Debug|Any CPU = Debug|Any CPU
		Release|Any CPU = Release|Any CPU
	EndGlobalSection
	GlobalSection(ProjectConfigurationPlatforms) = postSolution
		{41F8957D-2134-46EC-ACB9-B020A4BF2FFC}.Debug|Any CPU.ActiveCfg = Debug|Any CPU
		{41F8957D-2134-46EC-ACB9-B020A4BF2FFC}.Debug|Any CPU.Build.0 = Debug|Any CPU
		{41F8957D-2134-46EC-ACB9-B020A4BF2FFC}.Release|Any CPU.ActiveCfg = Release|Any CPU
		{41F8957D-2134-46EC-ACB9-B020A4BF2FFC}.Release|Any CPU.Build.0 = Release|Any CPU
		{2A1C6148-7622-4383-9262-C920193F5365}.Debug|Any CPU.ActiveCfg = Debug|Any CPU
		{2A1C6148-7622-4383-9262-C920193F5365}.Debug|Any CPU.Build.0 = Debug|Any CPU
		{2A1C6148-7622-4383-9262-C920193F5365}.Release|Any CPU.ActiveCfg = Release|Any CPU
		{2A1C6148-7622-4383-9262-C920193F5365}.Release|Any CPU.Build.0 = Release|Any CPU
		{E91F3DB3-6341-4582-ABAC-8EE3C7211D13}.Debug|Any CPU.ActiveCfg = Debug|Any CPU
		{E91F3DB3-6341-4582-ABAC-8EE3C7211D13}.Debug|Any CPU.Build.0 = Debug|Any CPU
		{E91F3DB3-6341-4582-ABAC-8EE3C7211D13}.Release|Any CPU.ActiveCfg = Release|Any CPU
		{E91F3DB3-6341-4582-ABAC-8EE3C7211D13}.Release|Any CPU.Build.0 = Release|Any CPU
		{72DBACC2-7DE0-4798-9C81-40A685289A5D}.Debug|Any CPU.ActiveCfg = Debug|Any CPU
		{72DBACC2-7DE0-4798-9C81-40A685289A5D}.Debug|Any CPU.Build.0 = Debug|Any CPU
		{72DBACC2-7DE0-4798-9C81-40A685289A5D}.Release|Any CPU.ActiveCfg = Release|Any CPU
		{72DBACC2-7DE0-4798-9C81-40A685289A5D}.Release|Any CPU.Build.0 = Release|Any CPU
		{63A66012-0602-4B40-811C-3C81A1FD6C4C}.Debug|Any CPU.ActiveCfg = Debug|Any CPU
		{63A66012-0602-4B40-811C-3C81A1FD6C4C}.Debug|Any CPU.Build.0 = Debug|Any CPU
		{63A66012-0602-4B40-811C-3C81A1FD6C4C}.Release|Any CPU.ActiveCfg = Release|Any CPU
		{63A66012-0602-4B40-811C-3C81A1FD6C4C}.Release|Any CPU.Build.0 = Release|Any CPU
		{3D5A0ECF-1635-4A82-8730-0CCB8421F884}.Debug|Any CPU.ActiveCfg = Debug|Any CPU
		{3D5A0ECF-1635-4A82-8730-0CCB8421F884}.Debug|Any CPU.Build.0 = Debug|Any CPU
		{3D5A0ECF-1635-4A82-8730-0CCB8421F884}.Release|Any CPU.ActiveCfg = Release|Any CPU
		{3D5A0ECF-1635-4A82-8730-0CCB8421F884}.Release|Any CPU.Build.0 = Release|Any CPU
	EndGlobalSection
	GlobalSection(SolutionProperties) = preSolution
		HideSolutionNode = FALSE
	EndGlobalSection
	GlobalSection(NestedProjects) = preSolution
		{41F8957D-2134-46EC-ACB9-B020A4BF2FFC} = {77B28F0E-719C-4EFF-916E-F00BD1EA4BE4}
		{2A1C6148-7622-4383-9262-C920193F5365} = {77B28F0E-719C-4EFF-916E-F00BD1EA4BE4}
		{E91F3DB3-6341-4582-ABAC-8EE3C7211D13} = {77B28F0E-719C-4EFF-916E-F00BD1EA4BE4}
		{72DBACC2-7DE0-4798-9C81-40A685289A5D} = {B12682FA-1AFC-4B2C-8EA2-690DC8913D68}
		{63A66012-0602-4B40-811C-3C81A1FD6C4C} = {B12682FA-1AFC-4B2C-8EA2-690DC8913D68}
		{3D5A0ECF-1635-4A82-8730-0CCB8421F884} = {B12682FA-1AFC-4B2C-8EA2-690DC8913D68}
	EndGlobalSection
	GlobalSection(ExtensibilityGlobals) = postSolution
		SolutionGuid = {882F1F5E-51F6-4A8E-8E65-0C2299D9D952}
	EndGlobalSection
EndGlobal
