
Microsoft Visual Studio Solution File, Format Version 12.00
# Visual Studio Version 16
VisualStudioVersion = 16.0.33927.289
MinimumVisualStudioVersion = 10.0.40219.1
Project("{2150E333-8FDC-42A3-9474-1A3956D46DE8}") = "Task0", "Task0", "{77B28F0E-719C-4EFF-916E-F00BD1EA4BE4}"
EndProject
Project("{FAE04EC0-301F-11D3-BF4B-00C04F79EFBC}") = "Tyuiu.RagimovaMA.Sprint4.Task0.V1", "Tyuiu.RagimovaMA.Sprint4.Task0.V1\Tyuiu.RagimovaMA.Sprint4.Task0.V1.csproj", "{41F8957D-2134-46EC-ACB9-B020A4BF2FFC}"
EndProject
Project("{FAE04EC0-301F-11D3-BF4B-00C04F79EFBC}") = "Tyuiu.RagimovaMA.Sprint4.Task0.V1.Lib", "Tyuiu.RagimovaMA.Sprint4.Task0.V1.Lib\Tyuiu.RagimovaMA.Sprint4.Task0.V1.Lib.csproj", "{2A1C6148-7622-4383-9262-C920193F5365}"
EndProject
Project("{FAE04EC0-301F-11D3-BF4B-00C04F79EFBC}") = "Tyuiu.RagimovaMA.Sprint4.Task0.V1.Test", "Tyuiu.RagimovaMA.Sprint4.Task0.V1.Test\Tyuiu.RagimovaMA.Sprint4.Task0.V1.Test.csproj", "{E91F3DB3-6341-4582-ABAC-8EE3C7211D13}"
EndProject
Project("{2150E333-8FDC-42A3-9474-1A3956D46DE8}") = "Task1", "Task1", "{B12682FA-1AFC-4B2C-8EA2-690DC8913D68}"
EndProject
Project("{FAE04EC0-301F-11D3-BF4B-00C04F79EFBC}") = "Tyuiu.RagimovaMA.Sprint4.Task1.V10", "Tyuiu.RagimovaMA.Sprint4.Task1.V10\Tyuiu.RagimovaMA.Sprint4.Task1.V10.csproj", "{72DBACC2-7DE0-4798-9C81-40A685289A5D}"
EndProject
Project("{FAE04EC0-301F-11D3-BF4B-00C04F79EFBC}") = "Tyuiu.RagimovaMA.Sprint4.Task1.V10.Lib", "Tyuiu.RagimovaMA.Sprint4.Task1.V10.Lib\Tyuiu.RagimovaMA.Sprint4.Task1.V10.Lib.csproj", "{63A66012-0602-4B40-811C-3C81A1FD6C4C}"
EndProject
Project("{FAE04EC0-301F-11D3-BF4B-00C04F79EFBC}") = "Tyuiu.RagimovaMA.Sprint4.Task1.V10.Test", "Tyuiu.RagimovaMA.Sprint4.Task1.V10.Test\Tyuiu.RagimovaMA.Sprint4.Task1.V10.Test.csproj", "{3D5A0ECF-1635-4A82-8730-0CCB8421F884}"
EndProject
Project("{2150E333-8FDC-42A3-9474-1A3956D46DE8}") = "Task2", "Task2", "{970D61EB-AEDA-452A-989A-D847CE6D3B71}"
EndProject
Project("{FAE04EC0-301F-11D3-BF4B-00C04F79EFBC}") = "Tyuiu.RagimovaMA.Sprint4.Task2.V10", "Tyuiu.RagimovaMA.Sprint4.Task2.V10\Tyuiu.RagimovaMA.Sprint4.Task2.V10.csproj", "{0995C266-8FB3-4724-9D54-B38F4AFE43FF}"
EndProject
Project("{FAE04EC0-301F-11D3-BF4B-00C04F79EFBC}") = "Tyuiu.RagimovaMA.Sprint4.Task2.V10.Lib", "Tyuiu.RagimovaMA.Sprint4.Task2.V10.Lib\Tyuiu.RagimovaMA.Sprint4.Task2.V10.Lib.csproj", "{13875267-7E12-483D-B751-3C44B008692D}"
EndProject
Project("{FAE04EC0-301F-11D3-BF4B-00C04F79EFBC}") = "Tyuiu.RagimovaMA.Sprint4.Task2.V10.Test", "Tyuiu.RagimovaMA.Sprint4.Task2.V10.Test\Tyuiu.RagimovaMA.Sprint4.Task2.V10.Test.csproj", "{798ECA2B-70EE-44A9-A814-7423AA457DA9}"
EndProject
Project("{2150E333-8FDC-42A3-9474-1A3956D46DE8}") = "Task3", "Task3", "{396D1167-86EB-49AD-B8C1-468E2BDC8E86}"
EndProject
Project("{FAE04EC0-301F-11D3-BF4B-00C04F79EFBC}") = "Tyuiu.RagimovaMA.Sprint4.Task3.V21", "Tyuiu.RagimovaMA.Sprint4.Task3.V21\Tyuiu.RagimovaMA.Sprint4.Task3.V21.csproj", "{59544C60-8423-4A0E-B5DE-1114D77B6D58}"
EndProject
Project("{FAE04EC0-301F-11D3-BF4B-00C04F79EFBC}") = "Tyuiu.RagimovaMA.Sprint4.Task3.V21.Lib", "Tyuiu.RagimovaMA.Sprint4.Task3.V21.Lib\Tyuiu.RagimovaMA.Sprint4.Task3.V21.Lib.csproj", "{3C804E93-AF9D-4D42-82C2-D40AB5BDB836}"
EndProject
Project("{FAE04EC0-301F-11D3-BF4B-00C04F79EFBC}") = "Tyuiu.RagimovaMA.Sprint4.Task3.V21.Test", "Tyuiu.RagimovaMA.Sprint4.Task3.V21.Test\Tyuiu.RagimovaMA.Sprint4.Task3.V21.Test.csproj", "{D36A400B-0ABA-47A9-A30E-377F89222865}"
EndProject
Project("{2150E333-8FDC-42A3-9474-1A3956D46DE8}") = "Task4", "Task4", "{885C7F03-0AEC-42BF-95BA-04A6A61916EA}"
EndProject
Project("{FAE04EC0-301F-11D3-BF4B-00C04F79EFBC}") = "Tyuiu.RagimovaMA.Sprint4.Task4.V20", "Tyuiu.RagimovaMA.Sprint4.Task4.V20\Tyuiu.RagimovaMA.Sprint4.Task4.V20.csproj", "{6184ACE7-66F5-496B-9249-96C02BD50F00}"
EndProject
Project("{FAE04EC0-301F-11D3-BF4B-00C04F79EFBC}") = "Tyuiu.RagimovaMA.Sprint4.Task4.V20.Lib", "Tyuiu.RagimovaMA.Sprint4.Task4.V20.Lib\Tyuiu.RagimovaMA.Sprint4.Task4.V20.Lib.csproj", "{62FC79B4-C481-45D2-9805-E0C2FAE29C59}"
EndProject
Project("{FAE04EC0-301F-11D3-BF4B-00C04F79EFBC}") = "Tyuiu.RagimovaMA.Sprint4.Task4.V20.Test", "Tyuiu.RagimovaMA.Sprint4.Task4.V20.Test\Tyuiu.RagimovaMA.Sprint4.Task4.V20.Test.csproj", "{629C8100-C5D6-4D64-9452-15B38E239C94}"
EndProject
Project("{2150E333-8FDC-42A3-9474-1A3956D46DE8}") = "Task5", "Task5", "{09BEA333-EE22-4CBC-A072-15D4EF9B33BB}"
EndProject
Project("{FAE04EC0-301F-11D3-BF4B-00C04F79EFBC}") = "Tyuiu.RagimovaMA.Sprint4.Task5.V13", "Tyuiu.RagimovaMA.Sprint4.Task5.V13\Tyuiu.RagimovaMA.Sprint4.Task5.V13.csproj", "{D2A314FE-10B5-46BC-A6AC-57D20EE55AE4}"
EndProject
Project("{FAE04EC0-301F-11D3-BF4B-00C04F79EFBC}") = "Tyuiu.RagimovaMA.Sprint4.Task5.V13.Lib", "Tyuiu.RagimovaMA.Sprint4.Task5.V13.Lib\Tyuiu.RagimovaMA.Sprint4.Task5.V13.Lib.csproj", "{57CEBFD9-BD08-47AB-BBD3-E57A24B7C38D}"
EndProject
Project("{FAE04EC0-301F-11D3-BF4B-00C04F79EFBC}") = "Tyuiu.RagimovaMA.Sprint4.Task5.V13.Test", "Tyuiu.RagimovaMA.Sprint4.Task5.V13.Test\Tyuiu.RagimovaMA.Sprint4.Task5.V13.Test.csproj", "{C8B1CA14-8C04-4D5E-97EC-6AB5FB16F959}"
EndProject
Project("{2150E333-8FDC-42A3-9474-1A3956D46DE8}") = "Task6", "Task6", "{05623A04-94EE-4E59-8C53-8F9E1DCD3C19}"
EndProject
Project("{FAE04EC0-301F-11D3-BF4B-00C04F79EFBC}") = "Tyuiu.RagimovaMA.Sprint4.Task6.V14", "Tyuiu.RagimovaMA.Sprint4.Task6.V14\Tyuiu.RagimovaMA.Sprint4.Task6.V14.csproj", "{4422EA30-EFD1-4B6D-8A25-6B9FE48008FA}"
EndProject
Project("{FAE04EC0-301F-11D3-BF4B-00C04F79EFBC}") = "Tyuiu.RagimovaMA.Sprint4.Task6.V14.Lib", "Tyuiu.RagimovaMA.Sprint4.Task6.V14.Lib\Tyuiu.RagimovaMA.Sprint4.Task6.V14.Lib.csproj", "{0A675B8D-B48A-415A-955D-43F563AE2792}"
EndProject
Project("{FAE04EC0-301F-11D3-BF4B-00C04F79EFBC}") = "Tyuiu.RagimovaMA.Sprint4.Task6.V14.Test", "Tyuiu.RagimovaMA.Sprint4.Task6.V14.Test\Tyuiu.RagimovaMA.Sprint4.Task6.V14.Test.csproj", "{1A691D28-98BC-4C9E-9EFB-309BD8A06383}"
EndProject
Global
	GlobalSection(SolutionConfigurationPlatforms) = preSolution
		Debug|Any CPU = Debug|Any CPU
		Release|Any CPU = Release|Any CPU
	EndGlobalSection
	GlobalSection(ProjectConfigurationPlatforms) = postSolution
		{41F8957D-2134-46EC-ACB9-B020A4BF2FFC}.Debug|Any CPU.ActiveCfg = Debug|Any CPU
		{41F8957D-2134-46EC-ACB9-B020A4BF2FFC}.Debug|Any CPU.Build.0 = Debug|Any CPU
		{41F8957D-2134-46EC-ACB9-B020A4BF2FFC}.Release|Any CPU.ActiveCfg = Release|Any CPU
		{41F8957D-2134-46EC-ACB9-B020A4BF2FFC}.Release|Any CPU.Build.0 = Release|Any CPU
		{2A1C6148-7622-4383-9262-C920193F5365}.Debug|Any CPU.ActiveCfg = Debug|Any CPU
		{2A1C6148-7622-4383-9262-C920193F5365}.Debug|Any CPU.Build.0 = Debug|Any CPU
		{2A1C6148-7622-4383-9262-C920193F5365}.Release|Any CPU.ActiveCfg = Release|Any CPU
		{2A1C6148-7622-4383-9262-C920193F5365}.Release|Any CPU.Build.0 = Release|Any CPU
		{E91F3DB3-6341-4582-ABAC-8EE3C7211D13}.Debug|Any CPU.ActiveCfg = Debug|Any CPU
		{E91F3DB3-6341-4582-ABAC-8EE3C7211D13}.Debug|Any CPU.Build.0 = Debug|Any CPU
		{E91F3DB3-6341-4582-ABAC-8EE3C7211D13}.Release|Any CPU.ActiveCfg = Release|Any CPU
		{E91F3DB3-6341-4582-ABAC-8EE3C7211D13}.Release|Any CPU.Build.0 = Release|Any CPU
		{72DBACC2-7DE0-4798-9C81-40A685289A5D}.Debug|Any CPU.ActiveCfg = Debug|Any CPU
		{72DBACC2-7DE0-4798-9C81-40A685289A5D}.Debug|Any CPU.Build.0 = Debug|Any CPU
		{72DBACC2-7DE0-4798-9C81-40A685289A5D}.Release|Any CPU.ActiveCfg = Release|Any CPU
		{72DBACC2-7DE0-4798-9C81-40A685289A5D}.Release|Any CPU.Build.0 = Release|Any CPU
		{63A66012-0602-4B40-811C-3C81A1FD6C4C}.Debug|Any CPU.ActiveCfg = Debug|Any CPU
		{63A66012-0602-4B40-811C-3C81A1FD6C4C}.Debug|Any CPU.Build.0 = Debug|Any CPU
		{63A66012-0602-4B40-811C-3C81A1FD6C4C}.Release|Any CPU.ActiveCfg = Release|Any CPU
		{63A66012-0602-4B40-811C-3C81A1FD6C4C}.Release|Any CPU.Build.0 = Release|Any CPU
		{3D5A0ECF-1635-4A82-8730-0CCB8421F884}.Debug|Any CPU.ActiveCfg = Debug|Any CPU
		{3D5A0ECF-1635-4A82-8730-0CCB8421F884}.Debug|Any CPU.Build.0 = Debug|Any CPU
		{3D5A0ECF-1635-4A82-8730-0CCB8421F884}.Release|Any CPU.ActiveCfg = Release|Any CPU
		{3D5A0ECF-1635-4A82-8730-0CCB8421F884}.Release|Any CPU.Build.0 = Release|Any CPU
		{0995C266-8FB3-4724-9D54-B38F4AFE43FF}.Debug|Any CPU.ActiveCfg = Debug|Any CPU
		{0995C266-8FB3-4724-9D54-B38F4AFE43FF}.Debug|Any CPU.Build.0 = Debug|Any CPU
		{0995C266-8FB3-4724-9D54-B38F4AFE43FF}.Release|Any CPU.ActiveCfg = Release|Any CPU
		{0995C266-8FB3-4724-9D54-B38F4AFE43FF}.Release|Any CPU.Build.0 = Release|Any CPU
		{13875267-7E12-483D-B751-3C44B008692D}.Debug|Any CPU.ActiveCfg = Debug|Any CPU
		{13875267-7E12-483D-B751-3C44B008692D}.Debug|Any CPU.Build.0 = Debug|Any CPU
		{13875267-7E12-483D-B751-3C44B008692D}.Release|Any CPU.ActiveCfg = Release|Any CPU
		{13875267-7E12-483D-B751-3C44B008692D}.Release|Any CPU.Build.0 = Release|Any CPU
		{798ECA2B-70EE-44A9-A814-7423AA457DA9}.Debug|Any CPU.ActiveCfg = Debug|Any CPU
		{798ECA2B-70EE-44A9-A814-7423AA457DA9}.Debug|Any CPU.Build.0 = Debug|Any CPU
		{798ECA2B-70EE-44A9-A814-7423AA457DA9}.Release|Any CPU.ActiveCfg = Release|Any CPU
		{798ECA2B-70EE-44A9-A814-7423AA457DA9}.Release|Any CPU.Build.0 = Release|Any CPU
		{59544C60-8423-4A0E-B5DE-1114D77B6D58}.Debug|Any CPU.ActiveCfg = Debug|Any CPU
		{59544C60-8423-4A0E-B5DE-1114D77B6D58}.Debug|Any CPU.Build.0 = Debug|Any CPU
		{59544C60-8423-4A0E-B5DE-1114D77B6D58}.Release|Any CPU.ActiveCfg = Release|Any CPU
		{59544C60-8423-4A0E-B5DE-1114D77B6D58}.Release|Any CPU.Build.0 = Release|Any CPU
		{3C804E93-AF9D-4D42-82C2-D40AB5BDB836}.Debug|Any CPU.ActiveCfg = Debug|Any CPU
		{3C804E93-AF9D-4D42-82C2-D40AB5BDB836}.Debug|Any CPU.Build.0 = Debug|Any CPU
		{3C804E93-AF9D-4D42-82C2-D40AB5BDB836}.Release|Any CPU.ActiveCfg = Release|Any CPU
		{3C804E93-AF9D-4D42-82C2-D40AB5BDB836}.Release|Any CPU.Build.0 = Release|Any CPU
		{D36A400B-0ABA-47A9-A30E-377F89222865}.Debug|Any CPU.ActiveCfg = Debug|Any CPU
		{D36A400B-0ABA-47A9-A30E-377F89222865}.Debug|Any CPU.Build.0 = Debug|Any CPU
		{D36A400B-0ABA-47A9-A30E-377F89222865}.Release|Any CPU.ActiveCfg = Release|Any CPU
		{D36A400B-0ABA-47A9-A30E-377F89222865}.Release|Any CPU.Build.0 = Release|Any CPU
		{6184ACE7-66F5-496B-9249-96C02BD50F00}.Debug|Any CPU.ActiveCfg = Debug|Any CPU
		{6184ACE7-66F5-496B-9249-96C02BD50F00}.Debug|Any CPU.Build.0 = Debug|Any CPU
		{6184ACE7-66F5-496B-9249-96C02BD50F00}.Release|Any CPU.ActiveCfg = Release|Any CPU
		{6184ACE7-66F5-496B-9249-96C02BD50F00}.Release|Any CPU.Build.0 = Release|Any CPU
		{62FC79B4-C481-45D2-9805-E0C2FAE29C59}.Debug|Any CPU.ActiveCfg = Debug|Any CPU
		{62FC79B4-C481-45D2-9805-E0C2FAE29C59}.Debug|Any CPU.Build.0 = Debug|Any CPU
		{62FC79B4-C481-45D2-9805-E0C2FAE29C59}.Release|Any CPU.ActiveCfg = Release|Any CPU
		{62FC79B4-C481-45D2-9805-E0C2FAE29C59}.Release|Any CPU.Build.0 = Release|Any CPU
		{629C8100-C5D6-4D64-9452-15B38E239C94}.Debug|Any CPU.ActiveCfg = Debug|Any CPU
		{629C8100-C5D6-4D64-9452-15B38E239C94}.Debug|Any CPU.Build.0 = Debug|Any CPU
		{629C8100-C5D6-4D64-9452-15B38E239C94}.Release|Any CPU.ActiveCfg = Release|Any CPU
		{629C8100-C5D6-4D64-9452-15B38E239C94}.Release|Any CPU.Build.0 = Release|Any CPU
		{D2A314FE-10B5-46BC-A6AC-57D20EE55AE4}.Debug|Any CPU.ActiveCfg = Debug|Any CPU
		{D2A314FE-10B5-46BC-A6AC-57D20EE55AE4}.Debug|Any CPU.Build.0 = Debug|Any CPU
		{D2A314FE-10B5-46BC-A6AC-57D20EE55AE4}.Release|Any CPU.ActiveCfg = Release|Any CPU
		{D2A314FE-10B5-46BC-A6AC-57D20EE55AE4}.Release|Any CPU.Build.0 = Release|Any CPU
		{57CEBFD9-BD08-47AB-BBD3-E57A24B7C38D}.Debug|Any CPU.ActiveCfg = Debug|Any CPU
		{57CEBFD9-BD08-47AB-BBD3-E57A24B7C38D}.Debug|Any CPU.Build.0 = Debug|Any CPU
		{57CEBFD9-BD08-47AB-BBD3-E57A24B7C38D}.Release|Any CPU.ActiveCfg = Release|Any CPU
		{57CEBFD9-BD08-47AB-BBD3-E57A24B7C38D}.Release|Any CPU.Build.0 = Release|Any CPU
		{C8B1CA14-8C04-4D5E-97EC-6AB5FB16F959}.Debug|Any CPU.ActiveCfg = Debug|Any CPU
		{C8B1CA14-8C04-4D5E-97EC-6AB5FB16F959}.Debug|Any CPU.Build.0 = Debug|Any CPU
		{C8B1CA14-8C04-4D5E-97EC-6AB5FB16F959}.Release|Any CPU.ActiveCfg = Release|Any CPU
		{C8B1CA14-8C04-4D5E-97EC-6AB5FB16F959}.Release|Any CPU.Build.0 = Release|Any CPU
		{4422EA30-EFD1-4B6D-8A25-6B9FE48008FA}.Debug|Any CPU.ActiveCfg = Debug|Any CPU
		{4422EA30-EFD1-4B6D-8A25-6B9FE48008FA}.Debug|Any CPU.Build.0 = Debug|Any CPU
		{4422EA30-EFD1-4B6D-8A25-6B9FE48008FA}.Release|Any CPU.ActiveCfg = Release|Any CPU
		{4422EA30-EFD1-4B6D-8A25-6B9FE48008FA}.Release|Any CPU.Build.0 = Release|Any CPU
		{0A675B8D-B48A-415A-955D-43F563AE2792}.Debug|Any CPU.ActiveCfg = Debug|Any CPU
		{0A675B8D-B48A-415A-955D-43F563AE2792}.Debug|Any CPU.Build.0 = Debug|Any CPU
		{0A675B8D-B48A-415A-955D-43F563AE2792}.Release|Any CPU.ActiveCfg = Release|Any CPU
		{0A675B8D-B48A-415A-955D-43F563AE2792}.Release|Any CPU.Build.0 = Release|Any CPU
		{1A691D28-98BC-4C9E-9EFB-309BD8A06383}.Debug|Any CPU.ActiveCfg = Debug|Any CPU
		{1A691D28-98BC-4C9E-9EFB-309BD8A06383}.Debug|Any CPU.Build.0 = Debug|Any CPU
		{1A691D28-98BC-4C9E-9EFB-309BD8A06383}.Release|Any CPU.ActiveCfg = Release|Any CPU
		{1A691D28-98BC-4C9E-9EFB-309BD8A06383}.Release|Any CPU.Build.0 = Release|Any CPU
	EndGlobalSection
	GlobalSection(SolutionProperties) = preSolution
		HideSolutionNode = FALSE
	EndGlobalSection
	GlobalSection(NestedProjects) = preSolution
		{41F8957D-2134-46EC-ACB9-B020A4BF2FFC} = {77B28F0E-719C-4EFF-916E-F00BD1EA4BE4}
		{2A1C6148-7622-4383-9262-C920193F5365} = {77B28F0E-719C-4EFF-916E-F00BD1EA4BE4}
		{E91F3DB3-6341-4582-ABAC-8EE3C7211D13} = {77B28F0E-719C-4EFF-916E-F00BD1EA4BE4}
		{72DBACC2-7DE0-4798-9C81-40A685289A5D} = {B12682FA-1AFC-4B2C-8EA2-690DC8913D68}
		{63A66012-0602-4B40-811C-3C81A1FD6C4C} = {B12682FA-1AFC-4B2C-8EA2-690DC8913D68}
		{3D5A0ECF-1635-4A82-8730-0CCB8421F884} = {B12682FA-1AFC-4B2C-8EA2-690DC8913D68}
		{0995C266-8FB3-4724-9D54-B38F4AFE43FF} = {970D61EB-AEDA-452A-989A-D847CE6D3B71}
		{13875267-7E12-483D-B751-3C44B008692D} = {970D61EB-AEDA-452A-989A-D847CE6D3B71}
		{798ECA2B-70EE-44A9-A814-7423AA457DA9} = {970D61EB-AEDA-452A-989A-D847CE6D3B71}
		{59544C60-8423-4A0E-B5DE-1114D77B6D58} = {396D1167-86EB-49AD-B8C1-468E2BDC8E86}
		{3C804E93-AF9D-4D42-82C2-D40AB5BDB836} = {396D1167-86EB-49AD-B8C1-468E2BDC8E86}
		{D36A400B-0ABA-47A9-A30E-377F89222865} = {396D1167-86EB-49AD-B8C1-468E2BDC8E86}
		{6184ACE7-66F5-496B-9249-96C02BD50F00} = {885C7F03-0AEC-42BF-95BA-04A6A61916EA}
		{62FC79B4-C481-45D2-9805-E0C2FAE29C59} = {885C7F03-0AEC-42BF-95BA-04A6A61916EA}
		{629C8100-C5D6-4D64-9452-15B38E239C94} = {885C7F03-0AEC-42BF-95BA-04A6A61916EA}
		{D2A314FE-10B5-46BC-A6AC-57D20EE55AE4} = {09BEA333-EE22-4CBC-A072-15D4EF9B33BB}
		{57CEBFD9-BD08-47AB-BBD3-E57A24B7C38D} = {09BEA333-EE22-4CBC-A072-15D4EF9B33BB}
		{C8B1CA14-8C04-4D5E-97EC-6AB5FB16F959} = {09BEA333-EE22-4CBC-A072-15D4EF9B33BB}
		{4422EA30-EFD1-4B6D-8A25-6B9FE48008FA} = {05623A04-94EE-4E59-8C53-8F9E1DCD3C19}
		{0A675B8D-B48A-415A-955D-43F563AE2792} = {05623A04-94EE-4E59-8C53-8F9E1DCD3C19}
		{1A691D28-98BC-4C9E-9EFB-309BD8A06383} = {05623A04-94EE-4E59-8C53-8F9E1DCD3C19}
	EndGlobalSection
	GlobalSection(ExtensibilityGlobals) = postSolution
		SolutionGuid = {882F1F5E-51F6-4A8E-8E65-0C2299D9D952}
	EndGlobalSection
EndGlobal
